
Microsoft Visual Studio Solution File, Format Version 12.00
# Visual Studio Version 17
VisualStudioVersion = 17.3.32901.215
MinimumVisualStudioVersion = 10.0.40219.1
Project("{FAE04EC0-301F-11D3-BF4B-00C04F79EFBC}") = "Soc_Network", "Soc_Network\Soc_Network.csproj", "{E1A5E920-CFB3-497A-97FC-50876D5A56B3}"
EndProject
Project("{FAE04EC0-301F-11D3-BF4B-00C04F79EFBC}") = "PostStorage.Core", "Post.Core\PostStorage.Core.csproj", "{8233EA62-AD05-4F78-9416-772CF90864A7}"
EndProject
Project("{FAE04EC0-301F-11D3-BF4B-00C04F79EFBC}") = "PostStorage.DataAccess", "PostStorage.DataAccess\PostStorage.DataAccess.csproj", "{4A99F551-E40C-4662-BFF4-D2A6C006DA70}"
EndProject
Global
	GlobalSection(SolutionConfigurationPlatforms) = preSolution
		Debug|Any CPU = Debug|Any CPU
		Release|Any CPU = Release|Any CPU
	EndGlobalSection
	GlobalSection(ProjectConfigurationPlatforms) = postSolution
		{E1A5E920-CFB3-497A-97FC-50876D5A56B3}.Debug|Any CPU.ActiveCfg = Debug|Any CPU
		{E1A5E920-CFB3-497A-97FC-50876D5A56B3}.Debug|Any CPU.Build.0 = Debug|Any CPU
		{E1A5E920-CFB3-497A-97FC-50876D5A56B3}.Release|Any CPU.ActiveCfg = Release|Any CPU
		{E1A5E920-CFB3-497A-97FC-50876D5A56B3}.Release|Any CPU.Build.0 = Release|Any CPU
		{8233EA62-AD05-4F78-9416-772CF90864A7}.Debug|Any CPU.ActiveCfg = Debug|Any CPU
		{8233EA62-AD05-4F78-9416-772CF90864A7}.Debug|Any CPU.Build.0 = Debug|Any CPU
		{8233EA62-AD05-4F78-9416-772CF90864A7}.Release|Any CPU.ActiveCfg = Release|Any CPU
		{8233EA62-AD05-4F78-9416-772CF90864A7}.Release|Any CPU.Build.0 = Release|Any CPU
		{4A99F551-E40C-4662-BFF4-D2A6C006DA70}.Debug|Any CPU.ActiveCfg = Debug|Any CPU
		{4A99F551-E40C-4662-BFF4-D2A6C006DA70}.Debug|Any CPU.Build.0 = Debug|Any CPU
		{4A99F551-E40C-4662-BFF4-D2A6C006DA70}.Release|Any CPU.ActiveCfg = Release|Any CPU
		{4A99F551-E40C-4662-BFF4-D2A6C006DA70}.Release|Any CPU.Build.0 = Release|Any CPU
	EndGlobalSection
	GlobalSection(SolutionProperties) = preSolution
		HideSolutionNode = FALSE
	EndGlobalSection
	GlobalSection(ExtensibilityGlobals) = postSolution
		SolutionGuid = {A34F5C5B-E163-4DB9-A2A4-8E580229D5F2}
	EndGlobalSection
EndGlobal
